
Microsoft Visual Studio Solution File, Format Version 12.00
# Visual Studio Version 17
VisualStudioVersion = 17.13.35731.43 d17.13
MinimumVisualStudioVersion = 10.0.40219.1
Project("{FAE04EC0-301F-11D3-BF4B-00C04F79EFBC}") = "SnowballAI", "SnowballAI.csproj", "{AF949659-8C54-42C9-B673-868B0A4D62E3}"
EndProject
Global
	GlobalSection(SolutionConfigurationPlatforms) = preSolution
		Debug|Any CPU = Debug|Any CPU
		Release|Any CPU = Release|Any CPU
	EndGlobalSection
	GlobalSection(ProjectConfigurationPlatforms) = postSolution
		{AF949659-8C54-42C9-B673-868B0A4D62E3}.Debug|Any CPU.ActiveCfg = Debug|Any CPU
		{AF949659-8C54-42C9-B673-868B0A4D62E3}.Debug|Any CPU.Build.0 = Debug|Any CPU
		{AF949659-8C54-42C9-B673-868B0A4D62E3}.Release|Any CPU.ActiveCfg = Release|Any CPU
		{AF949659-8C54-42C9-B673-868B0A4D62E3}.Release|Any CPU.Build.0 = Release|Any CPU
	EndGlobalSection
	GlobalSection(SolutionProperties) = preSolution
		HideSolutionNode = FALSE
	EndGlobalSection
	GlobalSection(ExtensibilityGlobals) = postSolution
		SolutionGuid = {21F97296-B4BC-4238-BE69-904CDCDD6AAB}
	EndGlobalSection
EndGlobal
