
Microsoft Visual Studio Solution File, Format Version 12.00
# Visual Studio Version 17
VisualStudioVersion = 17.14.35821.62 d17.14
MinimumVisualStudioVersion = 10.0.40219.1
Project("{FAE04EC0-301F-11D3-BF4B-00C04F79EFBC}") = "ShareSmallBizIdentityPoc", "ShareSmallBizIdentityPoc.csproj", "{17890EC5-D709-4351-943D-296736EA5A9F}"
EndProject
Project("{FAE04EC0-301F-11D3-BF4B-00C04F79EFBC}") = "ShareSmallBizRegister", "..\ShareSmallBizRegister\ShareSmallBizRegister.csproj", "{96D48D78-E44C-4065-84D5-D01C2E9FBD03}"
EndProject
Global
	GlobalSection(SolutionConfigurationPlatforms) = preSolution
		Debug|Any CPU = Debug|Any CPU
		Release|Any CPU = Release|Any CPU
	EndGlobalSection
	GlobalSection(ProjectConfigurationPlatforms) = postSolution
		{17890EC5-D709-4351-943D-296736EA5A9F}.Debug|Any CPU.ActiveCfg = Debug|Any CPU
		{17890EC5-D709-4351-943D-296736EA5A9F}.Debug|Any CPU.Build.0 = Debug|Any CPU
		{17890EC5-D709-4351-943D-296736EA5A9F}.Release|Any CPU.ActiveCfg = Release|Any CPU
		{17890EC5-D709-4351-943D-296736EA5A9F}.Release|Any CPU.Build.0 = Release|Any CPU
		{96D48D78-E44C-4065-84D5-D01C2E9FBD03}.Debug|Any CPU.ActiveCfg = Debug|Any CPU
		{96D48D78-E44C-4065-84D5-D01C2E9FBD03}.Debug|Any CPU.Build.0 = Debug|Any CPU
		{96D48D78-E44C-4065-84D5-D01C2E9FBD03}.Release|Any CPU.ActiveCfg = Release|Any CPU
		{96D48D78-E44C-4065-84D5-D01C2E9FBD03}.Release|Any CPU.Build.0 = Release|Any CPU
	EndGlobalSection
	GlobalSection(SolutionProperties) = preSolution
		HideSolutionNode = FALSE
	EndGlobalSection
	GlobalSection(ExtensibilityGlobals) = postSolution
		SolutionGuid = {364DED96-E193-4703-9278-F1B346284D91}
	EndGlobalSection
EndGlobal
