
Microsoft Visual Studio Solution File, Format Version 12.00
# Visual Studio Version 17
VisualStudioVersion = 17.4.33205.214
MinimumVisualStudioVersion = 10.0.40219.1
Project("{9A19103F-16F7-4668-BE54-9A1E7A4F7556}") = "CSVSamples", "CSVSamples.csproj", "{1F985E48-1202-48B5-B2A6-54884A224B7F}"
EndProject
Global
	GlobalSection(SolutionConfigurationPlatforms) = preSolution
		Debug|Any CPU = Debug|Any CPU
		Release|Any CPU = Release|Any CPU
	EndGlobalSection
	GlobalSection(ProjectConfigurationPlatforms) = postSolution
		{1F985E48-1202-48B5-B2A6-54884A224B7F}.Debug|Any CPU.ActiveCfg = Debug|Any CPU
		{1F985E48-1202-48B5-B2A6-54884A224B7F}.Debug|Any CPU.Build.0 = Debug|Any CPU
		{1F985E48-1202-48B5-B2A6-54884A224B7F}.Release|Any CPU.ActiveCfg = Release|Any CPU
		{1F985E48-1202-48B5-B2A6-54884A224B7F}.Release|Any CPU.Build.0 = Release|Any CPU
	EndGlobalSection
	GlobalSection(SolutionProperties) = preSolution
		HideSolutionNode = FALSE
	EndGlobalSection
	GlobalSection(ExtensibilityGlobals) = postSolution
		SolutionGuid = {2002156A-5694-4466-BA42-8847BE89E439}
	EndGlobalSection
EndGlobal
